
Microsoft Visual Studio Solution File, Format Version 12.00
# Visual Studio Version 17
VisualStudioVersion = 17.14.36429.23 d17.14
MinimumVisualStudioVersion = 10.0.40219.1
Project("{FAE04EC0-301F-11D3-BF4B-00C04F79EFBC}") = "Git_Demo", "Git_Demo\Git_Demo.csproj", "{5FD97FD7-BA4D-4292-A9A4-FD82FE9813E9}"
EndProject
Global
	GlobalSection(SolutionConfigurationPlatforms) = preSolution
		Debug|Any CPU = Debug|Any CPU
		Release|Any CPU = Release|Any CPU
	EndGlobalSection
	GlobalSection(ProjectConfigurationPlatforms) = postSolution
		{5FD97FD7-BA4D-4292-A9A4-FD82FE9813E9}.Debug|Any CPU.ActiveCfg = Debug|Any CPU
		{5FD97FD7-BA4D-4292-A9A4-FD82FE9813E9}.Debug|Any CPU.Build.0 = Debug|Any CPU
		{5FD97FD7-BA4D-4292-A9A4-FD82FE9813E9}.Release|Any CPU.ActiveCfg = Release|Any CPU
		{5FD97FD7-BA4D-4292-A9A4-FD82FE9813E9}.Release|Any CPU.Build.0 = Release|Any CPU
	EndGlobalSection
	GlobalSection(SolutionProperties) = preSolution
		HideSolutionNode = FALSE
	EndGlobalSection
	GlobalSection(ExtensibilityGlobals) = postSolution
		SolutionGuid = {B6646980-AC92-42E2-BB7C-9FB418296985}
	EndGlobalSection
EndGlobal
